{
  "name": "high-level",
  "version": "1.0.1",
  "lockfileVersion": 2,
  "requires": true,
  "packages": {
    "": {
      "name": "high-level",
      "version": "1.0.1",
      "license": "ISC",
      "dependencies": {
        "chalk": "^5.0.1",
        "code-line-number": "^1.0.3",
        "who-called-me": "^1.0.3"
      }
    },
    "node_modules/chalk": {
      "version": "5.0.1",
      "resolved": "https://registry.npmjs.org/chalk/-/chalk-5.0.1.tgz",
      "integrity": "sha512-Fo07WOYGqMfCWHOzSXOt2CxDbC6skS/jO9ynEcmpANMoPrD+W1r1K6Vx7iNm+AQmETU1Xr2t+n8nzkV9t6xh3w==",
      "engines": {
        "node": "^12.17.0 || ^14.13 || >=16.0.0"
      },
      "funding": {
        "url": "https://github.com/chalk/chalk?sponsor=1"
      }
    },
    "node_modules/code-line-number": {
      "version": "1.0.3",
      "resolved": "https://registry.npmjs.org/code-line-number/-/code-line-number-1.0.3.tgz",
      "integrity": "sha512-X9GjNyKXISYn0B/A4+D9nGGI+OgvoHzICiysFr//UKpSB+WIS0ytzdYSC/sv26Db/31+JYWfoNsTujsMeuUh5w=="
    },
    "node_modules/who-called-me": {
      "version": "1.0.3",
      "resolved": "https://registry.npmjs.org/who-called-me/-/who-called-me-1.0.3.tgz",
      "integrity": "sha512-w0Y0UBJKgjJtjl/1/7TMdAUw/l7AE64wQSr6LKHeGNxns6Bn73ikkRxiBUbnxT1j/oy9IofV2otDhZhVa+xZ3w=="
    }
  },
  "dependencies": {
    "chalk": {
      "version": "5.0.1",
      "resolved": "https://registry.npmjs.org/chalk/-/chalk-5.0.1.tgz",
      "integrity": "sha512-Fo07WOYGqMfCWHOzSXOt2CxDbC6skS/jO9ynEcmpANMoPrD+W1r1K6Vx7iNm+AQmETU1Xr2t+n8nzkV9t6xh3w=="
    },
    "code-line-number": {
      "version": "1.0.3",
      "resolved": "https://registry.npmjs.org/code-line-number/-/code-line-number-1.0.3.tgz",
      "integrity": "sha512-X9GjNyKXISYn0B/A4+D9nGGI+OgvoHzICiysFr//UKpSB+WIS0ytzdYSC/sv26Db/31+JYWfoNsTujsMeuUh5w=="
    },
    "who-called-me": {
      "version": "1.0.3",
      "resolved": "https://registry.npmjs.org/who-called-me/-/who-called-me-1.0.3.tgz",
      "integrity": "sha512-w0Y0UBJKgjJtjl/1/7TMdAUw/l7AE64wQSr6LKHeGNxns6Bn73ikkRxiBUbnxT1j/oy9IofV2otDhZhVa+xZ3w=="
    }
  }
}
